// !$*UTF8*$!
{
	archiveVersion = 1;
	classes = {
	};
	objectVersion = 56;
	objects = {

/* Begin PBXBuildFile section */
		80A2CA8E2A12255C00D35321 /* AppDelegate.swift in Sources */ = {isa = PBXBuildFile; fileRef = 80A2CA8D2A12255C00D35321 /* AppDelegate.swift */; };
		80A2CA902A12255C00D35321 /* SceneDelegate.swift in Sources */ = {isa = PBXBuildFile; fileRef = 80A2CA8F2A12255C00D35321 /* SceneDelegate.swift */; };
		80A2CA972A12255D00D35321 /* Assets.xcassets in Resources */ = {isa = PBXBuildFile; fileRef = 80A2CA962A12255D00D35321 /* Assets.xcassets */; };
		80A2CA9A2A12255D00D35321 /* LaunchScreen.storyboard in Resources */ = {isa = PBXBuildFile; fileRef = 80A2CA982A12255D00D35321 /* LaunchScreen.storyboard */; };
		80A2CAA42A123B1F00D35321 /* AppCoordinator.swift in Sources */ = {isa = PBXBuildFile; fileRef = 80A2CAA32A123B1F00D35321 /* AppCoordinator.swift */; };
		80A2CAAC2A123CF000D35321 /* RxCocoa in Frameworks */ = {isa = PBXBuildFile; productRef = 80A2CAAB2A123CF000D35321 /* RxCocoa */; };
		80A2CAAE2A123CF000D35321 /* RxSwift in Frameworks */ = {isa = PBXBuildFile; productRef = 80A2CAAD2A123CF000D35321 /* RxSwift */; };
		80A2CAB12A123D0B00D35321 /* MainSceneFactory.swift in Sources */ = {isa = PBXBuildFile; fileRef = 80A2CAB02A123D0B00D35321 /* MainSceneFactory.swift */; };
		80A2CAB72A123E0500D35321 /* MainViewController.swift in Sources */ = {isa = PBXBuildFile; fileRef = 80A2CAB62A123E0500D35321 /* MainViewController.swift */; };
		80A2CABA2A123EAF00D35321 /* SnapKit in Frameworks */ = {isa = PBXBuildFile; productRef = 80A2CAB92A123EAF00D35321 /* SnapKit */; };
		80A2CABD2A124D0F00D35321 /* MainViewModel.swift in Sources */ = {isa = PBXBuildFile; fileRef = 80A2CABC2A124D0F00D35321 /* MainViewModel.swift */; };
		80B9B78D2A133ECA0004C997 /* MainControllerState.swift in Sources */ = {isa = PBXBuildFile; fileRef = 80B9B78C2A133ECA0004C997 /* MainControllerState.swift */; };
/* End PBXBuildFile section */

/* Begin PBXFileReference section */
		80A2CA8A2A12255C00D35321 /* RXLearn.app */ = {isa = PBXFileReference; explicitFileType = wrapper.application; includeInIndex = 0; path = RXLearn.app; sourceTree = BUILT_PRODUCTS_DIR; };
		80A2CA8D2A12255C00D35321 /* AppDelegate.swift */ = {isa = PBXFileReference; lastKnownFileType = sourcecode.swift; path = AppDelegate.swift; sourceTree = "<group>"; };
		80A2CA8F2A12255C00D35321 /* SceneDelegate.swift */ = {isa = PBXFileReference; lastKnownFileType = sourcecode.swift; path = SceneDelegate.swift; sourceTree = "<group>"; };
		80A2CA962A12255D00D35321 /* Assets.xcassets */ = {isa = PBXFileReference; lastKnownFileType = folder.assetcatalog; path = Assets.xcassets; sourceTree = "<group>"; };
		80A2CA992A12255D00D35321 /* Base */ = {isa = PBXFileReference; lastKnownFileType = file.storyboard; name = Base; path = Base.lproj/LaunchScreen.storyboard; sourceTree = "<group>"; };
		80A2CA9B2A12255D00D35321 /* Info.plist */ = {isa = PBXFileReference; lastKnownFileType = text.plist.xml; path = Info.plist; sourceTree = "<group>"; };
		80A2CAA32A123B1F00D35321 /* AppCoordinator.swift */ = {isa = PBXFileReference; lastKnownFileType = sourcecode.swift; path = AppCoordinator.swift; sourceTree = "<group>"; };
		80A2CAB02A123D0B00D35321 /* MainSceneFactory.swift */ = {isa = PBXFileReference; lastKnownFileType = sourcecode.swift; path = MainSceneFactory.swift; sourceTree = "<group>"; };
		80A2CAB62A123E0500D35321 /* MainViewController.swift */ = {isa = PBXFileReference; lastKnownFileType = sourcecode.swift; path = MainViewController.swift; sourceTree = "<group>"; };
		80A2CABC2A124D0F00D35321 /* MainViewModel.swift */ = {isa = PBXFileReference; lastKnownFileType = sourcecode.swift; path = MainViewModel.swift; sourceTree = "<group>"; };
		80B9B78C2A133ECA0004C997 /* MainControllerState.swift */ = {isa = PBXFileReference; lastKnownFileType = sourcecode.swift; path = MainControllerState.swift; sourceTree = "<group>"; };
/* End PBXFileReference section */

/* Begin PBXFrameworksBuildPhase section */
		80A2CA872A12255C00D35321 /* Frameworks */ = {
			isa = PBXFrameworksBuildPhase;
			buildActionMask = 2147483647;
			files = (
				80A2CABA2A123EAF00D35321 /* SnapKit in Frameworks */,
				80A2CAAE2A123CF000D35321 /* RxSwift in Frameworks */,
				80A2CAAC2A123CF000D35321 /* RxCocoa in Frameworks */,
			);
			runOnlyForDeploymentPostprocessing = 0;
		};
/* End PBXFrameworksBuildPhase section */

/* Begin PBXGroup section */
		80A2CA812A12255C00D35321 = {
			isa = PBXGroup;
			children = (
				80A2CA8C2A12255C00D35321 /* RXLearn */,
				80A2CA8B2A12255C00D35321 /* Products */,
			);
			sourceTree = "<group>";
		};
		80A2CA8B2A12255C00D35321 /* Products */ = {
			isa = PBXGroup;
			children = (
				80A2CA8A2A12255C00D35321 /* RXLearn.app */,
			);
			name = Products;
			sourceTree = "<group>";
		};
		80A2CA8C2A12255C00D35321 /* RXLearn */ = {
			isa = PBXGroup;
			children = (
				80A2CAA12A12257900D35321 /* Application */,
				80A2CAA52A123B3800D35321 /* Scene */,
				80A2CAA22A12258400D35321 /* SupportFiles */,
			);
			path = RXLearn;
			sourceTree = "<group>";
		};
		80A2CAA12A12257900D35321 /* Application */ = {
			isa = PBXGroup;
			children = (
				80A2CAA32A123B1F00D35321 /* AppCoordinator.swift */,
				80A2CA8D2A12255C00D35321 /* AppDelegate.swift */,
				80A2CA8F2A12255C00D35321 /* SceneDelegate.swift */,
			);
			path = Application;
			sourceTree = "<group>";
		};
		80A2CAA22A12258400D35321 /* SupportFiles */ = {
			isa = PBXGroup;
			children = (
				80A2CA962A12255D00D35321 /* Assets.xcassets */,
				80A2CA982A12255D00D35321 /* LaunchScreen.storyboard */,
				80A2CA9B2A12255D00D35321 /* Info.plist */,
			);
			path = SupportFiles;
			sourceTree = "<group>";
		};
		80A2CAA52A123B3800D35321 /* Scene */ = {
			isa = PBXGroup;
			children = (
				80A2CAAF2A123CF700D35321 /* Main */,
			);
			path = Scene;
			sourceTree = "<group>";
		};
		80A2CAAF2A123CF700D35321 /* Main */ = {
			isa = PBXGroup;
			children = (
				80B9B78B2A133EBF0004C997 /* Model */,
				80A2CAB02A123D0B00D35321 /* MainSceneFactory.swift */,
				80A2CAB62A123E0500D35321 /* MainViewController.swift */,
				80A2CABC2A124D0F00D35321 /* MainViewModel.swift */,
			);
			path = Main;
			sourceTree = "<group>";
		};
		80B9B78B2A133EBF0004C997 /* Model */ = {
			isa = PBXGroup;
			children = (
				80B9B78C2A133ECA0004C997 /* MainControllerState.swift */,
			);
			path = Model;
			sourceTree = "<group>";
		};
/* End PBXGroup section */

/* Begin PBXNativeTarget section */
		80A2CA892A12255C00D35321 /* RXLearn */ = {
			isa = PBXNativeTarget;
			buildConfigurationList = 80A2CA9E2A12255D00D35321 /* Build configuration list for PBXNativeTarget "RXLearn" */;
			buildPhases = (
				80A2CA862A12255C00D35321 /* Sources */,
				80A2CA872A12255C00D35321 /* Frameworks */,
				80A2CA882A12255C00D35321 /* Resources */,
			);
			buildRules = (
			);
			dependencies = (
			);
			name = RXLearn;
			packageProductDependencies = (
				80A2CAAB2A123CF000D35321 /* RxCocoa */,
				80A2CAAD2A123CF000D35321 /* RxSwift */,
				80A2CAB92A123EAF00D35321 /* SnapKit */,
			);
			productName = RXLearn;
			productReference = 80A2CA8A2A12255C00D35321 /* RXLearn.app */;
			productType = "com.apple.product-type.application";
		};
/* End PBXNativeTarget section */

/* Begin PBXProject section */
		80A2CA822A12255C00D35321 /* Project object */ = {
			isa = PBXProject;
			attributes = {
				BuildIndependentTargetsInParallel = 1;
				LastSwiftUpdateCheck = 1430;
				LastUpgradeCheck = 1430;
				TargetAttributes = {
					80A2CA892A12255C00D35321 = {
						CreatedOnToolsVersion = 14.3;
					};
				};
			};
			buildConfigurationList = 80A2CA852A12255C00D35321 /* Build configuration list for PBXProject "RXLearn" */;
			compatibilityVersion = "Xcode 14.0";
			developmentRegion = en;
			hasScannedForEncodings = 0;
			knownRegions = (
				en,
				Base,
			);
			mainGroup = 80A2CA812A12255C00D35321;
			packageReferences = (
				80A2CAAA2A123CF000D35321 /* XCRemoteSwiftPackageReference "RxSwift" */,
				80A2CAB82A123EAF00D35321 /* XCRemoteSwiftPackageReference "SnapKit" */,
			);
			productRefGroup = 80A2CA8B2A12255C00D35321 /* Products */;
			projectDirPath = "";
			projectRoot = "";
			targets = (
				80A2CA892A12255C00D35321 /* RXLearn */,
			);
		};
/* End PBXProject section */

/* Begin PBXResourcesBuildPhase section */
		80A2CA882A12255C00D35321 /* Resources */ = {
			isa = PBXResourcesBuildPhase;
			buildActionMask = 2147483647;
			files = (
				80A2CA9A2A12255D00D35321 /* LaunchScreen.storyboard in Resources */,
				80A2CA972A12255D00D35321 /* Assets.xcassets in Resources */,
			);
			runOnlyForDeploymentPostprocessing = 0;
		};
/* End PBXResourcesBuildPhase section */

/* Begin PBXSourcesBuildPhase section */
		80A2CA862A12255C00D35321 /* Sources */ = {
			isa = PBXSourcesBuildPhase;
			buildActionMask = 2147483647;
			files = (
				80B9B78D2A133ECA0004C997 /* MainControllerState.swift in Sources */,
				80A2CAB12A123D0B00D35321 /* MainSceneFactory.swift in Sources */,
				80A2CAA42A123B1F00D35321 /* AppCoordinator.swift in Sources */,
				80A2CA8E2A12255C00D35321 /* AppDelegate.swift in Sources */,
				80A2CA902A12255C00D35321 /* SceneDelegate.swift in Sources */,
				80A2CAB72A123E0500D35321 /* MainViewController.swift in Sources */,
				80A2CABD2A124D0F00D35321 /* MainViewModel.swift in Sources */,
			);
			runOnlyForDeploymentPostprocessing = 0;
		};
/* End PBXSourcesBuildPhase section */

/* Begin PBXVariantGroup section */
		80A2CA982A12255D00D35321 /* LaunchScreen.storyboard */ = {
			isa = PBXVariantGroup;
			children = (
				80A2CA992A12255D00D35321 /* Base */,
			);
			name = LaunchScreen.storyboard;
			sourceTree = "<group>";
		};
/* End PBXVariantGroup section */

/* Begin XCBuildConfiguration section */
		80A2CA9C2A12255D00D35321 /* Debug */ = {
			isa = XCBuildConfiguration;
			buildSettings = {
				ALWAYS_SEARCH_USER_PATHS = NO;
				CLANG_ANALYZER_NONNULL = YES;
				CLANG_ANALYZER_NUMBER_OBJECT_CONVERSION = YES_AGGRESSIVE;
				CLANG_CXX_LANGUAGE_STANDARD = "gnu++20";
				CLANG_ENABLE_MODULES = YES;
				CLANG_ENABLE_OBJC_ARC = YES;
				CLANG_ENABLE_OBJC_WEAK = YES;
				CLANG_WARN_BLOCK_CAPTURE_AUTORELEASING = YES;
				CLANG_WARN_BOOL_CONVERSION = YES;
				CLANG_WARN_COMMA = YES;
				CLANG_WARN_CONSTANT_CONVERSION = YES;
				CLANG_WARN_DEPRECATED_OBJC_IMPLEMENTATIONS = YES;
				CLANG_WARN_DIRECT_OBJC_ISA_USAGE = YES_ERROR;
				CLANG_WARN_DOCUMENTATION_COMMENTS = YES;
				CLANG_WARN_EMPTY_BODY = YES;
				CLANG_WARN_ENUM_CONVERSION = YES;
				CLANG_WARN_INFINITE_RECURSION = YES;
				CLANG_WARN_INT_CONVERSION = YES;
				CLANG_WARN_NON_LITERAL_NULL_CONVERSION = YES;
				CLANG_WARN_OBJC_IMPLICIT_RETAIN_SELF = YES;
				CLANG_WARN_OBJC_LITERAL_CONVERSION = YES;
				CLANG_WARN_OBJC_ROOT_CLASS = YES_ERROR;
				CLANG_WARN_QUOTED_INCLUDE_IN_FRAMEWORK_HEADER = YES;
				CLANG_WARN_RANGE_LOOP_ANALYSIS = YES;
				CLANG_WARN_STRICT_PROTOTYPES = YES;
				CLANG_WARN_SUSPICIOUS_MOVE = YES;
				CLANG_WARN_UNGUARDED_AVAILABILITY = YES_AGGRESSIVE;
				CLANG_WARN_UNREACHABLE_CODE = YES;
				CLANG_WARN__DUPLICATE_METHOD_MATCH = YES;
				COPY_PHASE_STRIP = NO;
				DEBUG_INFORMATION_FORMAT = dwarf;
				ENABLE_STRICT_OBJC_MSGSEND = YES;
				ENABLE_TESTABILITY = YES;
				GCC_C_LANGUAGE_STANDARD = gnu11;
				GCC_DYNAMIC_NO_PIC = NO;
				GCC_NO_COMMON_BLOCKS = YES;
				GCC_OPTIMIZATION_LEVEL = 0;
				GCC_PREPROCESSOR_DEFINITIONS = (
					"DEBUG=1",
					"$(inherited)",
				);
				GCC_WARN_64_TO_32_BIT_CONVERSION = YES;
				GCC_WARN_ABOUT_RETURN_TYPE = YES_ERROR;
				GCC_WARN_UNDECLARED_SELECTOR = YES;
				GCC_WARN_UNINITIALIZED_AUTOS = YES_AGGRESSIVE;
				GCC_WARN_UNUSED_FUNCTION = YES;
				GCC_WARN_UNUSED_VARIABLE = YES;
				IPHONEOS_DEPLOYMENT_TARGET = 16.4;
				MTL_ENABLE_DEBUG_INFO = INCLUDE_SOURCE;
				MTL_FAST_MATH = YES;
				ONLY_ACTIVE_ARCH = YES;
				SDKROOT = iphoneos;
				SWIFT_ACTIVE_COMPILATION_CONDITIONS = DEBUG;
				SWIFT_OPTIMIZATION_LEVEL = "-Onone";
			};
			name = Debug;
		};
		80A2CA9D2A12255D00D35321 /* Release */ = {
			isa = XCBuildConfiguration;
			buildSettings = {
				ALWAYS_SEARCH_USER_PATHS = NO;
				CLANG_ANALYZER_NONNULL = YES;
				CLANG_ANALYZER_NUMBER_OBJECT_CONVERSION = YES_AGGRESSIVE;
				CLANG_CXX_LANGUAGE_STANDARD = "gnu++20";
				CLANG_ENABLE_MODULES = YES;
				CLANG_ENABLE_OBJC_ARC = YES;
				CLANG_ENABLE_OBJC_WEAK = YES;
				CLANG_WARN_BLOCK_CAPTURE_AUTORELEASING = YES;
				CLANG_WARN_BOOL_CONVERSION = YES;
				CLANG_WARN_COMMA = YES;
				CLANG_WARN_CONSTANT_CONVERSION = YES;
				CLANG_WARN_DEPRECATED_OBJC_IMPLEMENTATIONS = YES;
				CLANG_WARN_DIRECT_OBJC_ISA_USAGE = YES_ERROR;
				CLANG_WARN_DOCUMENTATION_COMMENTS = YES;
				CLANG_WARN_EMPTY_BODY = YES;
				CLANG_WARN_ENUM_CONVERSION = YES;
				CLANG_WARN_INFINITE_RECURSION = YES;
				CLANG_WARN_INT_CONVERSION = YES;
				CLANG_WARN_NON_LITERAL_NULL_CONVERSION = YES;
				CLANG_WARN_OBJC_IMPLICIT_RETAIN_SELF = YES;
				CLANG_WARN_OBJC_LITERAL_CONVERSION = YES;
				CLANG_WARN_OBJC_ROOT_CLASS = YES_ERROR;
				CLANG_WARN_QUOTED_INCLUDE_IN_FRAMEWORK_HEADER = YES;
				CLANG_WARN_RANGE_LOOP_ANALYSIS = YES;
				CLANG_WARN_STRICT_PROTOTYPES = YES;
				CLANG_WARN_SUSPICIOUS_MOVE = YES;
				CLANG_WARN_UNGUARDED_AVAILABILITY = YES_AGGRESSIVE;
				CLANG_WARN_UNREACHABLE_CODE = YES;
				CLANG_WARN__DUPLICATE_METHOD_MATCH = YES;
				COPY_PHASE_STRIP = NO;
				DEBUG_INFORMATION_FORMAT = "dwarf-with-dsym";
				ENABLE_NS_ASSERTIONS = NO;
				ENABLE_STRICT_OBJC_MSGSEND = YES;
				GCC_C_LANGUAGE_STANDARD = gnu11;
				GCC_NO_COMMON_BLOCKS = YES;
				GCC_WARN_64_TO_32_BIT_CONVERSION = YES;
				GCC_WARN_ABOUT_RETURN_TYPE = YES_ERROR;
				GCC_WARN_UNDECLARED_SELECTOR = YES;
				GCC_WARN_UNINITIALIZED_AUTOS = YES_AGGRESSIVE;
				GCC_WARN_UNUSED_FUNCTION = YES;
				GCC_WARN_UNUSED_VARIABLE = YES;
				IPHONEOS_DEPLOYMENT_TARGET = 16.4;
				MTL_ENABLE_DEBUG_INFO = NO;
				MTL_FAST_MATH = YES;
				SDKROOT = iphoneos;
				SWIFT_COMPILATION_MODE = wholemodule;
				SWIFT_OPTIMIZATION_LEVEL = "-O";
				VALIDATE_PRODUCT = YES;
			};
			name = Release;
		};
		80A2CA9F2A12255D00D35321 /* Debug */ = {
			isa = XCBuildConfiguration;
			buildSettings = {
				ASSETCATALOG_COMPILER_APPICON_NAME = AppIcon;
				ASSETCATALOG_COMPILER_GLOBAL_ACCENT_COLOR_NAME = AccentColor;
				CODE_SIGN_STYLE = Automatic;
				CURRENT_PROJECT_VERSION = 1;
				GENERATE_INFOPLIST_FILE = YES;
				INFOPLIST_FILE = RXLearn/SupportFiles/Info.plist;
				INFOPLIST_KEY_UIApplicationSupportsIndirectInputEvents = YES;
				INFOPLIST_KEY_UILaunchStoryboardName = LaunchScreen;
				INFOPLIST_KEY_UISupportedInterfaceOrientations_iPad = "UIInterfaceOrientationPortrait UIInterfaceOrientationPortraitUpsideDown UIInterfaceOrientationLandscapeLeft UIInterfaceOrientationLandscapeRight";
				INFOPLIST_KEY_UISupportedInterfaceOrientations_iPhone = "UIInterfaceOrientationPortrait UIInterfaceOrientationLandscapeLeft UIInterfaceOrientationLandscapeRight";
				LD_RUNPATH_SEARCH_PATHS = (
					"$(inherited)",
					"@executable_path/Frameworks",
				);
				MARKETING_VERSION = 1.0;
				PRODUCT_BUNDLE_IDENTIFIER = com.brydeful.RXLearn;
				PRODUCT_NAME = "$(TARGET_NAME)";
				SUPPORTED_PLATFORMS = "iphoneos iphonesimulator";
				SUPPORTS_MACCATALYST = NO;
				SUPPORTS_MAC_DESIGNED_FOR_IPHONE_IPAD = NO;
				SWIFT_EMIT_LOC_STRINGS = YES;
				SWIFT_VERSION = 5.0;
				TARGETED_DEVICE_FAMILY = 1;
			};
			name = Debug;
		};
		80A2CAA02A12255D00D35321 /* Release */ = {
			isa = XCBuildConfiguration;
			buildSettings = {
				ASSETCATALOG_COMPILER_APPICON_NAME = AppIcon;
				ASSETCATALOG_COMPILER_GLOBAL_ACCENT_COLOR_NAME = AccentColor;
				CODE_SIGN_STYLE = Automatic;
				CURRENT_PROJECT_VERSION = 1;
				GENERATE_INFOPLIST_FILE = YES;
				INFOPLIST_FILE = RXLearn/SupportFiles/Info.plist;
				INFOPLIST_KEY_UIApplicationSupportsIndirectInputEvents = YES;
				INFOPLIST_KEY_UILaunchStoryboardName = LaunchScreen;
				INFOPLIST_KEY_UISupportedInterfaceOrientations_iPad = "UIInterfaceOrientationPortrait UIInterfaceOrientationPortraitUpsideDown UIInterfaceOrientationLandscapeLeft UIInterfaceOrientationLandscapeRight";
				INFOPLIST_KEY_UISupportedInterfaceOrientations_iPhone = "UIInterfaceOrientationPortrait UIInterfaceOrientationLandscapeLeft UIInterfaceOrientationLandscapeRight";
				LD_RUNPATH_SEARCH_PATHS = (
					"$(inherited)",
					"@executable_path/Frameworks",
				);
				MARKETING_VERSION = 1.0;
				PRODUCT_BUNDLE_IDENTIFIER = com.brydeful.RXLearn;
				PRODUCT_NAME = "$(TARGET_NAME)";
				SUPPORTED_PLATFORMS = "iphoneos iphonesimulator";
				SUPPORTS_MACCATALYST = NO;
				SUPPORTS_MAC_DESIGNED_FOR_IPHONE_IPAD = NO;
				SWIFT_EMIT_LOC_STRINGS = YES;
				SWIFT_VERSION = 5.0;
				TARGETED_DEVICE_FAMILY = 1;
			};
			name = Release;
		};
/* End XCBuildConfiguration section */

/* Begin XCConfigurationList section */
		80A2CA852A12255C00D35321 /* Build configuration list for PBXProject "RXLearn" */ = {
			isa = XCConfigurationList;
			buildConfigurations = (
				80A2CA9C2A12255D00D35321 /* Debug */,
				80A2CA9D2A12255D00D35321 /* Release */,
			);
			defaultConfigurationIsVisible = 0;
			defaultConfigurationName = Release;
		};
		80A2CA9E2A12255D00D35321 /* Build configuration list for PBXNativeTarget "RXLearn" */ = {
			isa = XCConfigurationList;
			buildConfigurations = (
				80A2CA9F2A12255D00D35321 /* Debug */,
				80A2CAA02A12255D00D35321 /* Release */,
			);
			defaultConfigurationIsVisible = 0;
			defaultConfigurationName = Release;
		};
/* End XCConfigurationList section */

/* Begin XCRemoteSwiftPackageReference section */
		80A2CAAA2A123CF000D35321 /* XCRemoteSwiftPackageReference "RxSwift" */ = {
			isa = XCRemoteSwiftPackageReference;
			repositoryURL = "https://github.com/ReactiveX/RxSwift.git";
			requirement = {
				kind = upToNextMajorVersion;
				minimumVersion = 6.0.0;
			};
		};
		80A2CAB82A123EAF00D35321 /* XCRemoteSwiftPackageReference "SnapKit" */ = {
			isa = XCRemoteSwiftPackageReference;
			repositoryURL = "https://github.com/SnapKit/SnapKit.git";
			requirement = {
				kind = upToNextMajorVersion;
				minimumVersion = 5.0.0;
			};
		};
/* End XCRemoteSwiftPackageReference section */

/* Begin XCSwiftPackageProductDependency section */
		80A2CAAB2A123CF000D35321 /* RxCocoa */ = {
			isa = XCSwiftPackageProductDependency;
			package = 80A2CAAA2A123CF000D35321 /* XCRemoteSwiftPackageReference "RxSwift" */;
			productName = RxCocoa;
		};
		80A2CAAD2A123CF000D35321 /* RxSwift */ = {
			isa = XCSwiftPackageProductDependency;
			package = 80A2CAAA2A123CF000D35321 /* XCRemoteSwiftPackageReference "RxSwift" */;
			productName = RxSwift;
		};
		80A2CAB92A123EAF00D35321 /* SnapKit */ = {
			isa = XCSwiftPackageProductDependency;
			package = 80A2CAB82A123EAF00D35321 /* XCRemoteSwiftPackageReference "SnapKit" */;
			productName = SnapKit;
		};
/* End XCSwiftPackageProductDependency section */
	};
	rootObject = 80A2CA822A12255C00D35321 /* Project object */;
}
